schema: '2.0'
stages:
  ingestion:
    cmd: python src/ingestion.py
    deps:
    - path: config/config.yaml
      hash: md5
      md5: d41d8cd98f00b204e9800998ecf8427e
      size: 0
    - path: src/ingestion.py
      hash: md5
      md5: 66d0b5e3c2267c0d55998e0df38c1e32
      size: 625
    outs:
    - path: data/raw/medical_insurance.csv
      hash: md5
      md5: 9ff71806bdbac0a9590f391e3fb956ac
      size: 22070144
  data_engineering:
    cmd: python src/data_engineering.py
    deps:
    - path: data/raw/medical_insurance.csv
      hash: md5
      md5: 9ff71806bdbac0a9590f391e3fb956ac
      size: 22070144
    - path: src/data_engineering.py
      hash: md5
      md5: f59e19af62c03487642625ae6ec1d347
      size: 2446
    outs:
    - path: data/processed/test.csv
      hash: md5
      md5: 34f66da8c5e8499ae4ab8ad4cb619a54
      size: 3324584
    - path: data/processed/train.csv
      hash: md5
      md5: c59698e68832d081d2067a2cab00e8ab
      size: 16009933
    - path: data/processed/val.csv
      hash: md5
      md5: 05ae2d19e4b9814ce89f1cfa18438b6d
      size: 2827344
  feature_engineering:
    cmd: python src/feature_engineering.py
    deps:
    - path: data/processed/test.csv
      hash: md5
      md5: 34f66da8c5e8499ae4ab8ad4cb619a54
      size: 3324584
    - path: data/processed/train.csv
      hash: md5
      md5: c59698e68832d081d2067a2cab00e8ab
      size: 16009933
    - path: data/processed/val.csv
      hash: md5
      md5: 05ae2d19e4b9814ce89f1cfa18438b6d
      size: 2827344
    - path: src/feature_engineering.py
      hash: md5
      md5: 7432fa6b9a44db47015a561bc9b4f8de
      size: 5222
    outs:
    - path: data/feature/X_test.csv
      hash: md5
      md5: 2f30175712d8445b20f00d7d198f559c
      size: 14626591
    - path: data/feature/X_train.csv
      hash: md5
      md5: fcc3bb77edca3f7c5e4085edad4667cb
      size: 70455573
    - path: data/feature/X_val.csv
      hash: md5
      md5: 3e8bf9f4f4d93491a7a242e8e9617c1a
      size: 12433047
    - path: data/feature/y_test.csv
      hash: md5
      md5: 18993841e27d5655d5ccb6e8f1858069
      size: 131164
    - path: data/feature/y_train.csv
      hash: md5
      md5: b064c4f4224bd8b1a73aa77f009db1e6
      size: 631605
    - path: data/feature/y_val.csv
      hash: md5
      md5: 81933b2886d2afdbea1713da9d30fb88
      size: 111417
  create_feature_store:
    cmd: python src/create_feature_store_data.py
    deps:
    - path: data/feature/X_train.csv
      hash: md5
      md5: fcc3bb77edca3f7c5e4085edad4667cb
      size: 70455573
    - path: data/processed/train.csv
      hash: md5
      md5: c59698e68832d081d2067a2cab00e8ab
      size: 16009933
    - path: src/create_feature_store_data.py
      hash: md5
      md5: cd70ade7f0e447dac0f2f0fee347a99e
      size: 1237
    outs:
    - path: data/features_store/train_features.csv
      hash: md5
      md5: 62c4873163ae007513ce60a438912684
      size: 71718952
    - path: data/features_store/train_features.parquet
      hash: md5
      md5: d6e4f7a66d46ef3f11978d054ce56b6a
      size: 3798752
  train_model:
    cmd: python src/trained_model.py
    deps:
    - path: data/feature/X_test.csv
      hash: md5
      md5: 2f30175712d8445b20f00d7d198f559c
      size: 14626591
    - path: data/feature/X_train.csv
      hash: md5
      md5: fcc3bb77edca3f7c5e4085edad4667cb
      size: 70455573
    - path: data/feature/X_val.csv
      hash: md5
      md5: 3e8bf9f4f4d93491a7a242e8e9617c1a
      size: 12433047
    - path: data/feature/y_test.csv
      hash: md5
      md5: 18993841e27d5655d5ccb6e8f1858069
      size: 131164
    - path: data/feature/y_train.csv
      hash: md5
      md5: b064c4f4224bd8b1a73aa77f009db1e6
      size: 631605
    - path: data/feature/y_val.csv
      hash: md5
      md5: 81933b2886d2afdbea1713da9d30fb88
      size: 111417
    - path: model/preprocessing.pkl
      hash: md5
      md5: 35e0d5eda89ef9ed3e25f0aa4ff8adae
      size: 9114
    - path: src/trained_model.py
      hash: md5
      md5: 156a2e6ae985c77742efc4f5169828ba
      size: 6128
    outs:
    - path: model/best_model.pkl
      hash: md5
      md5: de4c38e2a3492ade11707d85da2aafb4
      size: 336812
    - path: model/evaluation/metrics.json
      hash: md5
      md5: 2b024cc2e47f70468a7c7cc45ba62e15
      size: 403
